// !$*UTF8*$!
{
	archiveVersion = 1;
	classes = {
	};
	objectVersion = 56;
	objects = {

/* Begin PBXBuildFile section */
		0AE408722A8BEA6B0074B56F /* H4kr_NewsApp.swift in Sources */ = {isa = PBXBuildFile; fileRef = 0AE408712A8BEA6B0074B56F /* H4kr_NewsApp.swift */; };
		0AE408742A8BEA6B0074B56F /* ContentView.swift in Sources */ = {isa = PBXBuildFile; fileRef = 0AE408732A8BEA6B0074B56F /* ContentView.swift */; };
		0AE408762A8BEA6C0074B56F /* Assets.xcassets in Resources */ = {isa = PBXBuildFile; fileRef = 0AE408752A8BEA6C0074B56F /* Assets.xcassets */; };
		0AE408792A8BEA6C0074B56F /* Preview Assets.xcassets in Resources */ = {isa = PBXBuildFile; fileRef = 0AE408782A8BEA6C0074B56F /* Preview Assets.xcassets */; };
		0AE408832A8BEA6C0074B56F /* H4kr_NewsTests.swift in Sources */ = {isa = PBXBuildFile; fileRef = 0AE408822A8BEA6C0074B56F /* H4kr_NewsTests.swift */; };
		0AE4088D2A8BEA6C0074B56F /* H4kr_NewsUITests.swift in Sources */ = {isa = PBXBuildFile; fileRef = 0AE4088C2A8BEA6C0074B56F /* H4kr_NewsUITests.swift */; };
		0AE4088F2A8BEA6C0074B56F /* H4kr_NewsUITestsLaunchTests.swift in Sources */ = {isa = PBXBuildFile; fileRef = 0AE4088E2A8BEA6C0074B56F /* H4kr_NewsUITestsLaunchTests.swift */; };
		0AE4089D2A8BF3DF0074B56F /* NetworkManager.swift in Sources */ = {isa = PBXBuildFile; fileRef = 0AE4089C2A8BF3DF0074B56F /* NetworkManager.swift */; };
		0AE4089F2A8BF5370074B56F /* Posts.swift in Sources */ = {isa = PBXBuildFile; fileRef = 0AE4089E2A8BF5370074B56F /* Posts.swift */; };
		0AE408A22A8D59EB0074B56F /* DetailView.swift in Sources */ = {isa = PBXBuildFile; fileRef = 0AE408A12A8D59EB0074B56F /* DetailView.swift */; };
/* End PBXBuildFile section */

/* Begin PBXContainerItemProxy section */
		0AE4087F2A8BEA6C0074B56F /* PBXContainerItemProxy */ = {
			isa = PBXContainerItemProxy;
			containerPortal = 0AE408662A8BEA6B0074B56F /* Project object */;
			proxyType = 1;
			remoteGlobalIDString = 0AE4086D2A8BEA6B0074B56F;
			remoteInfo = "H4kr News";
		};
		0AE408892A8BEA6C0074B56F /* PBXContainerItemProxy */ = {
			isa = PBXContainerItemProxy;
			containerPortal = 0AE408662A8BEA6B0074B56F /* Project object */;
			proxyType = 1;
			remoteGlobalIDString = 0AE4086D2A8BEA6B0074B56F;
			remoteInfo = "H4kr News";
		};
/* End PBXContainerItemProxy section */

/* Begin PBXFileReference section */
		0AE4086E2A8BEA6B0074B56F /* H4kr News.app */ = {isa = PBXFileReference; explicitFileType = wrapper.application; includeInIndex = 0; path = "H4kr News.app"; sourceTree = BUILT_PRODUCTS_DIR; };
		0AE408712A8BEA6B0074B56F /* H4kr_NewsApp.swift */ = {isa = PBXFileReference; lastKnownFileType = sourcecode.swift; path = H4kr_NewsApp.swift; sourceTree = "<group>"; };
		0AE408732A8BEA6B0074B56F /* ContentView.swift */ = {isa = PBXFileReference; lastKnownFileType = sourcecode.swift; path = ContentView.swift; sourceTree = "<group>"; };
		0AE408752A8BEA6C0074B56F /* Assets.xcassets */ = {isa = PBXFileReference; lastKnownFileType = folder.assetcatalog; path = Assets.xcassets; sourceTree = "<group>"; };
		0AE408782A8BEA6C0074B56F /* Preview Assets.xcassets */ = {isa = PBXFileReference; lastKnownFileType = folder.assetcatalog; path = "Preview Assets.xcassets"; sourceTree = "<group>"; };
		0AE4087E2A8BEA6C0074B56F /* H4kr NewsTests.xctest */ = {isa = PBXFileReference; explicitFileType = wrapper.cfbundle; includeInIndex = 0; path = "H4kr NewsTests.xctest"; sourceTree = BUILT_PRODUCTS_DIR; };
		0AE408822A8BEA6C0074B56F /* H4kr_NewsTests.swift */ = {isa = PBXFileReference; lastKnownFileType = sourcecode.swift; path = H4kr_NewsTests.swift; sourceTree = "<group>"; };
		0AE408882A8BEA6C0074B56F /* H4kr NewsUITests.xctest */ = {isa = PBXFileReference; explicitFileType = wrapper.cfbundle; includeInIndex = 0; path = "H4kr NewsUITests.xctest"; sourceTree = BUILT_PRODUCTS_DIR; };
		0AE4088C2A8BEA6C0074B56F /* H4kr_NewsUITests.swift */ = {isa = PBXFileReference; lastKnownFileType = sourcecode.swift; path = H4kr_NewsUITests.swift; sourceTree = "<group>"; };
		0AE4088E2A8BEA6C0074B56F /* H4kr_NewsUITestsLaunchTests.swift */ = {isa = PBXFileReference; lastKnownFileType = sourcecode.swift; path = H4kr_NewsUITestsLaunchTests.swift; sourceTree = "<group>"; };
		0AE4089C2A8BF3DF0074B56F /* NetworkManager.swift */ = {isa = PBXFileReference; lastKnownFileType = sourcecode.swift; path = NetworkManager.swift; sourceTree = "<group>"; };
		0AE4089E2A8BF5370074B56F /* Posts.swift */ = {isa = PBXFileReference; lastKnownFileType = sourcecode.swift; path = Posts.swift; sourceTree = "<group>"; };
		0AE408A12A8D59EB0074B56F /* DetailView.swift */ = {isa = PBXFileReference; lastKnownFileType = sourcecode.swift; path = DetailView.swift; sourceTree = "<group>"; };
/* End PBXFileReference section */

/* Begin PBXFrameworksBuildPhase section */
		0AE4086B2A8BEA6B0074B56F /* Frameworks */ = {
			isa = PBXFrameworksBuildPhase;
			buildActionMask = 2147483647;
			files = (
			);
			runOnlyForDeploymentPostprocessing = 0;
		};
		0AE4087B2A8BEA6C0074B56F /* Frameworks */ = {
			isa = PBXFrameworksBuildPhase;
			buildActionMask = 2147483647;
			files = (
			);
			runOnlyForDeploymentPostprocessing = 0;
		};
		0AE408852A8BEA6C0074B56F /* Frameworks */ = {
			isa = PBXFrameworksBuildPhase;
			buildActionMask = 2147483647;
			files = (
			);
			runOnlyForDeploymentPostprocessing = 0;
		};
/* End PBXFrameworksBuildPhase section */

/* Begin PBXGroup section */
		0AE408652A8BEA6B0074B56F = {
			isa = PBXGroup;
			children = (
				0AE408A02A8D59DA0074B56F /* Views */,
				0AE4089B2A8BF3CB0074B56F /* Models */,
				0AE408702A8BEA6B0074B56F /* H4kr News */,
				0AE408812A8BEA6C0074B56F /* H4kr NewsTests */,
				0AE4088B2A8BEA6C0074B56F /* H4kr NewsUITests */,
				0AE4086F2A8BEA6B0074B56F /* Products */,
			);
			sourceTree = "<group>";
		};
		0AE4086F2A8BEA6B0074B56F /* Products */ = {
			isa = PBXGroup;
			children = (
				0AE4086E2A8BEA6B0074B56F /* H4kr News.app */,
				0AE4087E2A8BEA6C0074B56F /* H4kr NewsTests.xctest */,
				0AE408882A8BEA6C0074B56F /* H4kr NewsUITests.xctest */,
			);
			name = Products;
			sourceTree = "<group>";
		};
		0AE408702A8BEA6B0074B56F /* H4kr News */ = {
			isa = PBXGroup;
			children = (
				0AE408712A8BEA6B0074B56F /* H4kr_NewsApp.swift */,
				0AE408732A8BEA6B0074B56F /* ContentView.swift */,
				0AE408752A8BEA6C0074B56F /* Assets.xcassets */,
				0AE408772A8BEA6C0074B56F /* Preview Content */,
			);
			path = "H4kr News";
			sourceTree = "<group>";
		};
		0AE408772A8BEA6C0074B56F /* Preview Content */ = {
			isa = PBXGroup;
			children = (
				0AE408782A8BEA6C0074B56F /* Preview Assets.xcassets */,
			);
			path = "Preview Content";
			sourceTree = "<group>";
		};
		0AE408812A8BEA6C0074B56F /* H4kr NewsTests */ = {
			isa = PBXGroup;
			children = (
				0AE408822A8BEA6C0074B56F /* H4kr_NewsTests.swift */,
			);
			path = "H4kr NewsTests";
			sourceTree = "<group>";
		};
		0AE4088B2A8BEA6C0074B56F /* H4kr NewsUITests */ = {
			isa = PBXGroup;
			children = (
				0AE4088C2A8BEA6C0074B56F /* H4kr_NewsUITests.swift */,
				0AE4088E2A8BEA6C0074B56F /* H4kr_NewsUITestsLaunchTests.swift */,
			);
			path = "H4kr NewsUITests";
			sourceTree = "<group>";
		};
		0AE4089B2A8BF3CB0074B56F /* Models */ = {
			isa = PBXGroup;
			children = (
				0AE4089C2A8BF3DF0074B56F /* NetworkManager.swift */,
				0AE4089E2A8BF5370074B56F /* Posts.swift */,
			);
			path = Models;
			sourceTree = "<group>";
		};
		0AE408A02A8D59DA0074B56F /* Views */ = {
			isa = PBXGroup;
			children = (
				0AE408A12A8D59EB0074B56F /* DetailView.swift */,
			);
			path = Views;
			sourceTree = "<group>";
		};
/* End PBXGroup section */

/* Begin PBXNativeTarget section */
		0AE4086D2A8BEA6B0074B56F /* H4kr News */ = {
			isa = PBXNativeTarget;
			buildConfigurationList = 0AE408922A8BEA6C0074B56F /* Build configuration list for PBXNativeTarget "H4kr News" */;
			buildPhases = (
				0AE4086A2A8BEA6B0074B56F /* Sources */,
				0AE4086B2A8BEA6B0074B56F /* Frameworks */,
				0AE4086C2A8BEA6B0074B56F /* Resources */,
			);
			buildRules = (
			);
			dependencies = (
			);
			name = "H4kr News";
			productName = "H4kr News";
			productReference = 0AE4086E2A8BEA6B0074B56F /* H4kr News.app */;
			productType = "com.apple.product-type.application";
		};
		0AE4087D2A8BEA6C0074B56F /* H4kr NewsTests */ = {
			isa = PBXNativeTarget;
			buildConfigurationList = 0AE408952A8BEA6C0074B56F /* Build configuration list for PBXNativeTarget "H4kr NewsTests" */;
			buildPhases = (
				0AE4087A2A8BEA6C0074B56F /* Sources */,
				0AE4087B2A8BEA6C0074B56F /* Frameworks */,
				0AE4087C2A8BEA6C0074B56F /* Resources */,
			);
			buildRules = (
			);
			dependencies = (
				0AE408802A8BEA6C0074B56F /* PBXTargetDependency */,
			);
			name = "H4kr NewsTests";
			productName = "H4kr NewsTests";
			productReference = 0AE4087E2A8BEA6C0074B56F /* H4kr NewsTests.xctest */;
			productType = "com.apple.product-type.bundle.unit-test";
		};
		0AE408872A8BEA6C0074B56F /* H4kr NewsUITests */ = {
			isa = PBXNativeTarget;
			buildConfigurationList = 0AE408982A8BEA6C0074B56F /* Build configuration list for PBXNativeTarget "H4kr NewsUITests" */;
			buildPhases = (
				0AE408842A8BEA6C0074B56F /* Sources */,
				0AE408852A8BEA6C0074B56F /* Frameworks */,
				0AE408862A8BEA6C0074B56F /* Resources */,
			);
			buildRules = (
			);
			dependencies = (
				0AE4088A2A8BEA6C0074B56F /* PBXTargetDependency */,
			);
			name = "H4kr NewsUITests";
			productName = "H4kr NewsUITests";
			productReference = 0AE408882A8BEA6C0074B56F /* H4kr NewsUITests.xctest */;
			productType = "com.apple.product-type.bundle.ui-testing";
		};
/* End PBXNativeTarget section */

/* Begin PBXProject section */
		0AE408662A8BEA6B0074B56F /* Project object */ = {
			isa = PBXProject;
			attributes = {
				BuildIndependentTargetsInParallel = 1;
				LastSwiftUpdateCheck = 1410;
				LastUpgradeCheck = 1410;
				TargetAttributes = {
					0AE4086D2A8BEA6B0074B56F = {
						CreatedOnToolsVersion = 14.1;
					};
					0AE4087D2A8BEA6C0074B56F = {
						CreatedOnToolsVersion = 14.1;
						TestTargetID = 0AE4086D2A8BEA6B0074B56F;
					};
					0AE408872A8BEA6C0074B56F = {
						CreatedOnToolsVersion = 14.1;
						TestTargetID = 0AE4086D2A8BEA6B0074B56F;
					};
				};
			};
			buildConfigurationList = 0AE408692A8BEA6B0074B56F /* Build configuration list for PBXProject "H4kr News" */;
			compatibilityVersion = "Xcode 14.0";
			developmentRegion = en;
			hasScannedForEncodings = 0;
			knownRegions = (
				en,
				Base,
			);
			mainGroup = 0AE408652A8BEA6B0074B56F;
			productRefGroup = 0AE4086F2A8BEA6B0074B56F /* Products */;
			projectDirPath = "";
			projectRoot = "";
			targets = (
				0AE4086D2A8BEA6B0074B56F /* H4kr News */,
				0AE4087D2A8BEA6C0074B56F /* H4kr NewsTests */,
				0AE408872A8BEA6C0074B56F /* H4kr NewsUITests */,
			);
		};
/* End PBXProject section */

/* Begin PBXResourcesBuildPhase section */
		0AE4086C2A8BEA6B0074B56F /* Resources */ = {
			isa = PBXResourcesBuildPhase;
			buildActionMask = 2147483647;
			files = (
				0AE408792A8BEA6C0074B56F /* Preview Assets.xcassets in Resources */,
				0AE408762A8BEA6C0074B56F /* Assets.xcassets in Resources */,
			);
			runOnlyForDeploymentPostprocessing = 0;
		};
		0AE4087C2A8BEA6C0074B56F /* Resources */ = {
			isa = PBXResourcesBuildPhase;
			buildActionMask = 2147483647;
			files = (
			);
			runOnlyForDeploymentPostprocessing = 0;
		};
		0AE408862A8BEA6C0074B56F /* Resources */ = {
			isa = PBXResourcesBuildPhase;
			buildActionMask = 2147483647;
			files = (
			);
			runOnlyForDeploymentPostprocessing = 0;
		};
/* End PBXResourcesBuildPhase section */

/* Begin PBXSourcesBuildPhase section */
		0AE4086A2A8BEA6B0074B56F /* Sources */ = {
			isa = PBXSourcesBuildPhase;
			buildActionMask = 2147483647;
			files = (
				0AE4089D2A8BF3DF0074B56F /* NetworkManager.swift in Sources */,
				0AE408742A8BEA6B0074B56F /* ContentView.swift in Sources */,
				0AE408722A8BEA6B0074B56F /* H4kr_NewsApp.swift in Sources */,
				0AE408A22A8D59EB0074B56F /* DetailView.swift in Sources */,
				0AE4089F2A8BF5370074B56F /* Posts.swift in Sources */,
			);
			runOnlyForDeploymentPostprocessing = 0;
		};
		0AE4087A2A8BEA6C0074B56F /* Sources */ = {
			isa = PBXSourcesBuildPhase;
			buildActionMask = 2147483647;
			files = (
				0AE408832A8BEA6C0074B56F /* H4kr_NewsTests.swift in Sources */,
			);
			runOnlyForDeploymentPostprocessing = 0;
		};
		0AE408842A8BEA6C0074B56F /* Sources */ = {
			isa = PBXSourcesBuildPhase;
			buildActionMask = 2147483647;
			files = (
				0AE4088F2A8BEA6C0074B56F /* H4kr_NewsUITestsLaunchTests.swift in Sources */,
				0AE4088D2A8BEA6C0074B56F /* H4kr_NewsUITests.swift in Sources */,
			);
			runOnlyForDeploymentPostprocessing = 0;
		};
/* End PBXSourcesBuildPhase section */

/* Begin PBXTargetDependency section */
		0AE408802A8BEA6C0074B56F /* PBXTargetDependency */ = {
			isa = PBXTargetDependency;
			target = 0AE4086D2A8BEA6B0074B56F /* H4kr News */;
			targetProxy = 0AE4087F2A8BEA6C0074B56F /* PBXContainerItemProxy */;
		};
		0AE4088A2A8BEA6C0074B56F /* PBXTargetDependency */ = {
			isa = PBXTargetDependency;
			target = 0AE4086D2A8BEA6B0074B56F /* H4kr News */;
			targetProxy = 0AE408892A8BEA6C0074B56F /* PBXContainerItemProxy */;
		};
/* End PBXTargetDependency section */

/* Begin XCBuildConfiguration section */
		0AE408902A8BEA6C0074B56F /* Debug */ = {
			isa = XCBuildConfiguration;
			buildSettings = {
				ALWAYS_SEARCH_USER_PATHS = NO;
				CLANG_ANALYZER_NONNULL = YES;
				CLANG_ANALYZER_NUMBER_OBJECT_CONVERSION = YES_AGGRESSIVE;
				CLANG_CXX_LANGUAGE_STANDARD = "gnu++20";
				CLANG_ENABLE_MODULES = YES;
				CLANG_ENABLE_OBJC_ARC = YES;
				CLANG_ENABLE_OBJC_WEAK = YES;
				CLANG_WARN_BLOCK_CAPTURE_AUTORELEASING = YES;
				CLANG_WARN_BOOL_CONVERSION = YES;
				CLANG_WARN_COMMA = YES;
				CLANG_WARN_CONSTANT_CONVERSION = YES;
				CLANG_WARN_DEPRECATED_OBJC_IMPLEMENTATIONS = YES;
				CLANG_WARN_DIRECT_OBJC_ISA_USAGE = YES_ERROR;
				CLANG_WARN_DOCUMENTATION_COMMENTS = YES;
				CLANG_WARN_EMPTY_BODY = YES;
				CLANG_WARN_ENUM_CONVERSION = YES;
				CLANG_WARN_INFINITE_RECURSION = YES;
				CLANG_WARN_INT_CONVERSION = YES;
				CLANG_WARN_NON_LITERAL_NULL_CONVERSION = YES;
				CLANG_WARN_OBJC_IMPLICIT_RETAIN_SELF = YES;
				CLANG_WARN_OBJC_LITERAL_CONVERSION = YES;
				CLANG_WARN_OBJC_ROOT_CLASS = YES_ERROR;
				CLANG_WARN_QUOTED_INCLUDE_IN_FRAMEWORK_HEADER = YES;
				CLANG_WARN_RANGE_LOOP_ANALYSIS = YES;
				CLANG_WARN_STRICT_PROTOTYPES = YES;
				CLANG_WARN_SUSPICIOUS_MOVE = YES;
				CLANG_WARN_UNGUARDED_AVAILABILITY = YES_AGGRESSIVE;
				CLANG_WARN_UNREACHABLE_CODE = YES;
				CLANG_WARN__DUPLICATE_METHOD_MATCH = YES;
				COPY_PHASE_STRIP = NO;
				DEBUG_INFORMATION_FORMAT = dwarf;
				ENABLE_STRICT_OBJC_MSGSEND = YES;
				ENABLE_TESTABILITY = YES;
				GCC_C_LANGUAGE_STANDARD = gnu11;
				GCC_DYNAMIC_NO_PIC = NO;
				GCC_NO_COMMON_BLOCKS = YES;
				GCC_OPTIMIZATION_LEVEL = 0;
				GCC_PREPROCESSOR_DEFINITIONS = (
					"DEBUG=1",
					"$(inherited)",
				);
				GCC_WARN_64_TO_32_BIT_CONVERSION = YES;
				GCC_WARN_ABOUT_RETURN_TYPE = YES_ERROR;
				GCC_WARN_UNDECLARED_SELECTOR = YES;
				GCC_WARN_UNINITIALIZED_AUTOS = YES_AGGRESSIVE;
				GCC_WARN_UNUSED_FUNCTION = YES;
				GCC_WARN_UNUSED_VARIABLE = YES;
				IPHONEOS_DEPLOYMENT_TARGET = 16.1;
				MTL_ENABLE_DEBUG_INFO = INCLUDE_SOURCE;
				MTL_FAST_MATH = YES;
				ONLY_ACTIVE_ARCH = YES;
				SDKROOT = iphoneos;
				SWIFT_ACTIVE_COMPILATION_CONDITIONS = DEBUG;
				SWIFT_OPTIMIZATION_LEVEL = "-Onone";
			};
			name = Debug;
		};
		0AE408912A8BEA6C0074B56F /* Release */ = {
			isa = XCBuildConfiguration;
			buildSettings = {
				ALWAYS_SEARCH_USER_PATHS = NO;
				CLANG_ANALYZER_NONNULL = YES;
				CLANG_ANALYZER_NUMBER_OBJECT_CONVERSION = YES_AGGRESSIVE;
				CLANG_CXX_LANGUAGE_STANDARD = "gnu++20";
				CLANG_ENABLE_MODULES = YES;
				CLANG_ENABLE_OBJC_ARC = YES;
				CLANG_ENABLE_OBJC_WEAK = YES;
				CLANG_WARN_BLOCK_CAPTURE_AUTORELEASING = YES;
				CLANG_WARN_BOOL_CONVERSION = YES;
				CLANG_WARN_COMMA = YES;
				CLANG_WARN_CONSTANT_CONVERSION = YES;
				CLANG_WARN_DEPRECATED_OBJC_IMPLEMENTATIONS = YES;
				CLANG_WARN_DIRECT_OBJC_ISA_USAGE = YES_ERROR;
				CLANG_WARN_DOCUMENTATION_COMMENTS = YES;
				CLANG_WARN_EMPTY_BODY = YES;
				CLANG_WARN_ENUM_CONVERSION = YES;
				CLANG_WARN_INFINITE_RECURSION = YES;
				CLANG_WARN_INT_CONVERSION = YES;
				CLANG_WARN_NON_LITERAL_NULL_CONVERSION = YES;
				CLANG_WARN_OBJC_IMPLICIT_RETAIN_SELF = YES;
				CLANG_WARN_OBJC_LITERAL_CONVERSION = YES;
				CLANG_WARN_OBJC_ROOT_CLASS = YES_ERROR;
				CLANG_WARN_QUOTED_INCLUDE_IN_FRAMEWORK_HEADER = YES;
				CLANG_WARN_RANGE_LOOP_ANALYSIS = YES;
				CLANG_WARN_STRICT_PROTOTYPES = YES;
				CLANG_WARN_SUSPICIOUS_MOVE = YES;
				CLANG_WARN_UNGUARDED_AVAILABILITY = YES_AGGRESSIVE;
				CLANG_WARN_UNREACHABLE_CODE = YES;
				CLANG_WARN__DUPLICATE_METHOD_MATCH = YES;
				COPY_PHASE_STRIP = NO;
				DEBUG_INFORMATION_FORMAT = "dwarf-with-dsym";
				ENABLE_NS_ASSERTIONS = NO;
				ENABLE_STRICT_OBJC_MSGSEND = YES;
				GCC_C_LANGUAGE_STANDARD = gnu11;
				GCC_NO_COMMON_BLOCKS = YES;
				GCC_WARN_64_TO_32_BIT_CONVERSION = YES;
				GCC_WARN_ABOUT_RETURN_TYPE = YES_ERROR;
				GCC_WARN_UNDECLARED_SELECTOR = YES;
				GCC_WARN_UNINITIALIZED_AUTOS = YES_AGGRESSIVE;
				GCC_WARN_UNUSED_FUNCTION = YES;
				GCC_WARN_UNUSED_VARIABLE = YES;
				IPHONEOS_DEPLOYMENT_TARGET = 16.1;
				MTL_ENABLE_DEBUG_INFO = NO;
				MTL_FAST_MATH = YES;
				SDKROOT = iphoneos;
				SWIFT_COMPILATION_MODE = wholemodule;
				SWIFT_OPTIMIZATION_LEVEL = "-O";
				VALIDATE_PRODUCT = YES;
			};
			name = Release;
		};
		0AE408932A8BEA6C0074B56F /* Debug */ = {
			isa = XCBuildConfiguration;
			buildSettings = {
				ASSETCATALOG_COMPILER_APPICON_NAME = AppIcon;
				ASSETCATALOG_COMPILER_GLOBAL_ACCENT_COLOR_NAME = AccentColor;
				CODE_SIGN_STYLE = Automatic;
				CURRENT_PROJECT_VERSION = 1;
				DEVELOPMENT_ASSET_PATHS = "\"H4kr News/Preview Content\"";
				DEVELOPMENT_TEAM = PK2NKZGJ7R;
				ENABLE_PREVIEWS = YES;
				GENERATE_INFOPLIST_FILE = YES;
				INFOPLIST_KEY_UIApplicationSceneManifest_Generation = YES;
				INFOPLIST_KEY_UIApplicationSupportsIndirectInputEvents = YES;
				INFOPLIST_KEY_UILaunchScreen_Generation = YES;
				INFOPLIST_KEY_UISupportedInterfaceOrientations_iPad = "UIInterfaceOrientationPortrait UIInterfaceOrientationPortraitUpsideDown UIInterfaceOrientationLandscapeLeft UIInterfaceOrientationLandscapeRight";
				INFOPLIST_KEY_UISupportedInterfaceOrientations_iPhone = "UIInterfaceOrientationPortrait UIInterfaceOrientationLandscapeLeft UIInterfaceOrientationLandscapeRight";
				LD_RUNPATH_SEARCH_PATHS = (
					"$(inherited)",
					"@executable_path/Frameworks",
				);
				MARKETING_VERSION = 1.0;
				PRODUCT_BUNDLE_IDENTIFIER = "ankurwasnik.H4kr-News";
				PRODUCT_NAME = "$(TARGET_NAME)";
				SWIFT_EMIT_LOC_STRINGS = YES;
				SWIFT_VERSION = 5.0;
				TARGETED_DEVICE_FAMILY = "1,2";
			};
			name = Debug;
		};
		0AE408942A8BEA6C0074B56F /* Release */ = {
			isa = XCBuildConfiguration;
			buildSettings = {
				ASSETCATALOG_COMPILER_APPICON_NAME = AppIcon;
				ASSETCATALOG_COMPILER_GLOBAL_ACCENT_COLOR_NAME = AccentColor;
				CODE_SIGN_STYLE = Automatic;
				CURRENT_PROJECT_VERSION = 1;
				DEVELOPMENT_ASSET_PATHS = "\"H4kr News/Preview Content\"";
				DEVELOPMENT_TEAM = PK2NKZGJ7R;
				ENABLE_PREVIEWS = YES;
				GENERATE_INFOPLIST_FILE = YES;
				INFOPLIST_KEY_UIApplicationSceneManifest_Generation = YES;
				INFOPLIST_KEY_UIApplicationSupportsIndirectInputEvents = YES;
				INFOPLIST_KEY_UILaunchScreen_Generation = YES;
				INFOPLIST_KEY_UISupportedInterfaceOrientations_iPad = "UIInterfaceOrientationPortrait UIInterfaceOrientationPortraitUpsideDown UIInterfaceOrientationLandscapeLeft UIInterfaceOrientationLandscapeRight";
				INFOPLIST_KEY_UISupportedInterfaceOrientations_iPhone = "UIInterfaceOrientationPortrait UIInterfaceOrientationLandscapeLeft UIInterfaceOrientationLandscapeRight";
				LD_RUNPATH_SEARCH_PATHS = (
					"$(inherited)",
					"@executable_path/Frameworks",
				);
				MARKETING_VERSION = 1.0;
				PRODUCT_BUNDLE_IDENTIFIER = "ankurwasnik.H4kr-News";
				PRODUCT_NAME = "$(TARGET_NAME)";
				SWIFT_EMIT_LOC_STRINGS = YES;
				SWIFT_VERSION = 5.0;
				TARGETED_DEVICE_FAMILY = "1,2";
			};
			name = Release;
		};
		0AE408962A8BEA6C0074B56F /* Debug */ = {
			isa = XCBuildConfiguration;
			buildSettings = {
				ALWAYS_EMBED_SWIFT_STANDARD_LIBRARIES = YES;
				BUNDLE_LOADER = "$(TEST_HOST)";
				CODE_SIGN_STYLE = Automatic;
				CURRENT_PROJECT_VERSION = 1;
				DEVELOPMENT_TEAM = PK2NKZGJ7R;
				GENERATE_INFOPLIST_FILE = YES;
				IPHONEOS_DEPLOYMENT_TARGET = 16.1;
				MARKETING_VERSION = 1.0;
				PRODUCT_BUNDLE_IDENTIFIER = "ankurwasnik.H4kr-NewsTests";
				PRODUCT_NAME = "$(TARGET_NAME)";
				SWIFT_EMIT_LOC_STRINGS = NO;
				SWIFT_VERSION = 5.0;
				TARGETED_DEVICE_FAMILY = "1,2";
				TEST_HOST = "$(BUILT_PRODUCTS_DIR)/H4kr News.app/$(BUNDLE_EXECUTABLE_FOLDER_PATH)/H4kr News";
			};
			name = Debug;
		};
		0AE408972A8BEA6C0074B56F /* Release */ = {
			isa = XCBuildConfiguration;
			buildSettings = {
				ALWAYS_EMBED_SWIFT_STANDARD_LIBRARIES = YES;
				BUNDLE_LOADER = "$(TEST_HOST)";
				CODE_SIGN_STYLE = Automatic;
				CURRENT_PROJECT_VERSION = 1;
				DEVELOPMENT_TEAM = PK2NKZGJ7R;
				GENERATE_INFOPLIST_FILE = YES;
				IPHONEOS_DEPLOYMENT_TARGET = 16.1;
				MARKETING_VERSION = 1.0;
				PRODUCT_BUNDLE_IDENTIFIER = "ankurwasnik.H4kr-NewsTests";
				PRODUCT_NAME = "$(TARGET_NAME)";
				SWIFT_EMIT_LOC_STRINGS = NO;
				SWIFT_VERSION = 5.0;
				TARGETED_DEVICE_FAMILY = "1,2";
				TEST_HOST = "$(BUILT_PRODUCTS_DIR)/H4kr News.app/$(BUNDLE_EXECUTABLE_FOLDER_PATH)/H4kr News";
			};
			name = Release;
		};
		0AE408992A8BEA6C0074B56F /* Debug */ = {
			isa = XCBuildConfiguration;
			buildSettings = {
				ALWAYS_EMBED_SWIFT_STANDARD_LIBRARIES = YES;
				CODE_SIGN_STYLE = Automatic;
				CURRENT_PROJECT_VERSION = 1;
				DEVELOPMENT_TEAM = PK2NKZGJ7R;
				GENERATE_INFOPLIST_FILE = YES;
				MARKETING_VERSION = 1.0;
				PRODUCT_BUNDLE_IDENTIFIER = "ankurwasnik.H4kr-NewsUITests";
				PRODUCT_NAME = "$(TARGET_NAME)";
				SWIFT_EMIT_LOC_STRINGS = NO;
				SWIFT_VERSION = 5.0;
				TARGETED_DEVICE_FAMILY = "1,2";
				TEST_TARGET_NAME = "H4kr News";
			};
			name = Debug;
		};
		0AE4089A2A8BEA6C0074B56F /* Release */ = {
			isa = XCBuildConfiguration;
			buildSettings = {
				ALWAYS_EMBED_SWIFT_STANDARD_LIBRARIES = YES;
				CODE_SIGN_STYLE = Automatic;
				CURRENT_PROJECT_VERSION = 1;
				DEVELOPMENT_TEAM = PK2NKZGJ7R;
				GENERATE_INFOPLIST_FILE = YES;
				MARKETING_VERSION = 1.0;
				PRODUCT_BUNDLE_IDENTIFIER = "ankurwasnik.H4kr-NewsUITests";
				PRODUCT_NAME = "$(TARGET_NAME)";
				SWIFT_EMIT_LOC_STRINGS = NO;
				SWIFT_VERSION = 5.0;
				TARGETED_DEVICE_FAMILY = "1,2";
				TEST_TARGET_NAME = "H4kr News";
			};
			name = Release;
		};
/* End XCBuildConfiguration section */

/* Begin XCConfigurationList section */
		0AE408692A8BEA6B0074B56F /* Build configuration list for PBXProject "H4kr News" */ = {
			isa = XCConfigurationList;
			buildConfigurations = (
				0AE408902A8BEA6C0074B56F /* Debug */,
				0AE408912A8BEA6C0074B56F /* Release */,
			);
			defaultConfigurationIsVisible = 0;
			defaultConfigurationName = Release;
		};
		0AE408922A8BEA6C0074B56F /* Build configuration list for PBXNativeTarget "H4kr News" */ = {
			isa = XCConfigurationList;
			buildConfigurations = (
				0AE408932A8BEA6C0074B56F /* Debug */,
				0AE408942A8BEA6C0074B56F /* Release */,
			);
			defaultConfigurationIsVisible = 0;
			defaultConfigurationName = Release;
		};
		0AE408952A8BEA6C0074B56F /* Build configuration list for PBXNativeTarget "H4kr NewsTests" */ = {
			isa = XCConfigurationList;
			buildConfigurations = (
				0AE408962A8BEA6C0074B56F /* Debug */,
				0AE408972A8BEA6C0074B56F /* Release */,
			);
			defaultConfigurationIsVisible = 0;
			defaultConfigurationName = Release;
		};
		0AE408982A8BEA6C0074B56F /* Build configuration list for PBXNativeTarget "H4kr NewsUITests" */ = {
			isa = XCConfigurationList;
			buildConfigurations = (
				0AE408992A8BEA6C0074B56F /* Debug */,
				0AE4089A2A8BEA6C0074B56F /* Release */,
			);
			defaultConfigurationIsVisible = 0;
			defaultConfigurationName = Release;
		};
/* End XCConfigurationList section */
	};
	rootObject = 0AE408662A8BEA6B0074B56F /* Project object */;
}
